# THIS IS AN AUTOGENERATED FILE. DO NOT EDIT THIS FILE DIRECTLY.
# yarn lockfile v1


gyronorm@^2.0.6:
  version "2.0.6"
  resolved "https://registry.yarnpkg.com/gyronorm/-/gyronorm-2.0.6.tgz#c3dbcaa0109087fea75378f78538befdcd53cee2"
  integrity sha1-w9vKoBCQh/6nU3j3hTi+/c1TzuI=

jquery@^3.4.1:
  version "3.4.1"
  resolved "https://registry.yarnpkg.com/jquery/-/jquery-3.4.1.tgz#714f1f8d9dde4bdfa55764ba37ef214630d80ef2"
  integrity sha512-36+AdBzCL+y6qjw5Tx7HgzeGCzC81MDDgaUP8ld2zhx58HdqXGoBd+tHdrBMiyjGQs0Hxs/MLZTu/eHNJJuWPw==

reconnecting-websocket@^4.1.10:
  version "4.2.0"
  resolved "https://registry.yarnpkg.com/reconnecting-websocket/-/reconnecting-websocket-4.2.0.tgz#2395f84b5d0acee439ff5df34c3fd0853d11be7c"
  integrity sha512-HMD8A0sv40xhkHf/T4qxktyOvHx7K3d2A9i1QG2wRIYdMecxQJMhTIBH4aQ8KfQLfQW4UOqNSfxTgv0C+MbPIA==
